
Microsoft Visual Studio Solution File, Format Version 12.00
# Visual Studio Version 17
VisualStudioVersion = 17.0.31903.59
MinimumVisualStudioVersion = 10.0.40219.1
Project("{FAE04EC0-301F-11D3-BF4B-00C04F79EFBC}") = "BankingCreditSystem.Core", "BankingCreditSystem.Core\BankingCreditSystem.Core.csproj", "{92A424C7-A1E3-4DCC-AAB2-D937BD04DEBA}"
EndProject
Project("{FAE04EC0-301F-11D3-BF4B-00C04F79EFBC}") = "BankingCreditSystem.Domain", "BankingCreditSystem.Domain\BankingCreditSystem.Domain.csproj", "{D5F82938-25F4-4C25-9F23-DBB80C4A6E28}"
EndProject
Project("{FAE04EC0-301F-11D3-BF4B-00C04F79EFBC}") = "BankingCreditSystem.Application", "BankingCreditSystem.Application\BankingCreditSystem.Application.csproj", "{FD25A8D2-8E06-4340-BE22-5EAAEAB60424}"
EndProject
Project("{FAE04EC0-301F-11D3-BF4B-00C04F79EFBC}") = "BankingCreditSystem.Persistence", "BankingCreditSystem.Persistence\BankingCreditSystem.Persistence.csproj", "{1F9D1DDF-9A8F-4254-A955-5B98D823C70B}"
EndProject
Project("{FAE04EC0-301F-11D3-BF4B-00C04F79EFBC}") = "BankingCreditSystem.WebApi", "BankingCreditSystem.WebApi\BankingCreditSystem.WebApi.csproj", "{C1035248-6D28-4E1A-8FA8-152787D3A0DC}"
EndProject
Global
	GlobalSection(SolutionConfigurationPlatforms) = preSolution
		Debug|Any CPU = Debug|Any CPU
		Debug|x64 = Debug|x64
		Debug|x86 = Debug|x86
		Release|Any CPU = Release|Any CPU
		Release|x64 = Release|x64
		Release|x86 = Release|x86
	EndGlobalSection
	GlobalSection(ProjectConfigurationPlatforms) = postSolution
		{92A424C7-A1E3-4DCC-AAB2-D937BD04DEBA}.Debug|Any CPU.ActiveCfg = Debug|Any CPU
		{92A424C7-A1E3-4DCC-AAB2-D937BD04DEBA}.Debug|Any CPU.Build.0 = Debug|Any CPU
		{92A424C7-A1E3-4DCC-AAB2-D937BD04DEBA}.Debug|x64.ActiveCfg = Debug|Any CPU
		{92A424C7-A1E3-4DCC-AAB2-D937BD04DEBA}.Debug|x64.Build.0 = Debug|Any CPU
		{92A424C7-A1E3-4DCC-AAB2-D937BD04DEBA}.Debug|x86.ActiveCfg = Debug|Any CPU
		{92A424C7-A1E3-4DCC-AAB2-D937BD04DEBA}.Debug|x86.Build.0 = Debug|Any CPU
		{92A424C7-A1E3-4DCC-AAB2-D937BD04DEBA}.Release|Any CPU.ActiveCfg = Release|Any CPU
		{92A424C7-A1E3-4DCC-AAB2-D937BD04DEBA}.Release|Any CPU.Build.0 = Release|Any CPU
		{92A424C7-A1E3-4DCC-AAB2-D937BD04DEBA}.Release|x64.ActiveCfg = Release|Any CPU
		{92A424C7-A1E3-4DCC-AAB2-D937BD04DEBA}.Release|x64.Build.0 = Release|Any CPU
		{92A424C7-A1E3-4DCC-AAB2-D937BD04DEBA}.Release|x86.ActiveCfg = Release|Any CPU
		{92A424C7-A1E3-4DCC-AAB2-D937BD04DEBA}.Release|x86.Build.0 = Release|Any CPU
		{D5F82938-25F4-4C25-9F23-DBB80C4A6E28}.Debug|Any CPU.ActiveCfg = Debug|Any CPU
		{D5F82938-25F4-4C25-9F23-DBB80C4A6E28}.Debug|Any CPU.Build.0 = Debug|Any CPU
		{D5F82938-25F4-4C25-9F23-DBB80C4A6E28}.Debug|x64.ActiveCfg = Debug|Any CPU
		{D5F82938-25F4-4C25-9F23-DBB80C4A6E28}.Debug|x64.Build.0 = Debug|Any CPU
		{D5F82938-25F4-4C25-9F23-DBB80C4A6E28}.Debug|x86.ActiveCfg = Debug|Any CPU
		{D5F82938-25F4-4C25-9F23-DBB80C4A6E28}.Debug|x86.Build.0 = Debug|Any CPU
		{D5F82938-25F4-4C25-9F23-DBB80C4A6E28}.Release|Any CPU.ActiveCfg = Release|Any CPU
		{D5F82938-25F4-4C25-9F23-DBB80C4A6E28}.Release|Any CPU.Build.0 = Release|Any CPU
		{D5F82938-25F4-4C25-9F23-DBB80C4A6E28}.Release|x64.ActiveCfg = Release|Any CPU
		{D5F82938-25F4-4C25-9F23-DBB80C4A6E28}.Release|x64.Build.0 = Release|Any CPU
		{D5F82938-25F4-4C25-9F23-DBB80C4A6E28}.Release|x86.ActiveCfg = Release|Any CPU
		{D5F82938-25F4-4C25-9F23-DBB80C4A6E28}.Release|x86.Build.0 = Release|Any CPU
		{FD25A8D2-8E06-4340-BE22-5EAAEAB60424}.Debug|Any CPU.ActiveCfg = Debug|Any CPU
		{FD25A8D2-8E06-4340-BE22-5EAAEAB60424}.Debug|Any CPU.Build.0 = Debug|Any CPU
		{FD25A8D2-8E06-4340-BE22-5EAAEAB60424}.Debug|x64.ActiveCfg = Debug|Any CPU
		{FD25A8D2-8E06-4340-BE22-5EAAEAB60424}.Debug|x64.Build.0 = Debug|Any CPU
		{FD25A8D2-8E06-4340-BE22-5EAAEAB60424}.Debug|x86.ActiveCfg = Debug|Any CPU
		{FD25A8D2-8E06-4340-BE22-5EAAEAB60424}.Debug|x86.Build.0 = Debug|Any CPU
		{FD25A8D2-8E06-4340-BE22-5EAAEAB60424}.Release|Any CPU.ActiveCfg = Release|Any CPU
		{FD25A8D2-8E06-4340-BE22-5EAAEAB60424}.Release|Any CPU.Build.0 = Release|Any CPU
		{FD25A8D2-8E06-4340-BE22-5EAAEAB60424}.Release|x64.ActiveCfg = Release|Any CPU
		{FD25A8D2-8E06-4340-BE22-5EAAEAB60424}.Release|x64.Build.0 = Release|Any CPU
		{FD25A8D2-8E06-4340-BE22-5EAAEAB60424}.Release|x86.ActiveCfg = Release|Any CPU
		{FD25A8D2-8E06-4340-BE22-5EAAEAB60424}.Release|x86.Build.0 = Release|Any CPU
		{1F9D1DDF-9A8F-4254-A955-5B98D823C70B}.Debug|Any CPU.ActiveCfg = Debug|Any CPU
		{1F9D1DDF-9A8F-4254-A955-5B98D823C70B}.Debug|Any CPU.Build.0 = Debug|Any CPU
		{1F9D1DDF-9A8F-4254-A955-5B98D823C70B}.Debug|x64.ActiveCfg = Debug|Any CPU
		{1F9D1DDF-9A8F-4254-A955-5B98D823C70B}.Debug|x64.Build.0 = Debug|Any CPU
		{1F9D1DDF-9A8F-4254-A955-5B98D823C70B}.Debug|x86.ActiveCfg = Debug|Any CPU
		{1F9D1DDF-9A8F-4254-A955-5B98D823C70B}.Debug|x86.Build.0 = Debug|Any CPU
		{1F9D1DDF-9A8F-4254-A955-5B98D823C70B}.Release|Any CPU.ActiveCfg = Release|Any CPU
		{1F9D1DDF-9A8F-4254-A955-5B98D823C70B}.Release|Any CPU.Build.0 = Release|Any CPU
		{1F9D1DDF-9A8F-4254-A955-5B98D823C70B}.Release|x64.ActiveCfg = Release|Any CPU
		{1F9D1DDF-9A8F-4254-A955-5B98D823C70B}.Release|x64.Build.0 = Release|Any CPU
		{1F9D1DDF-9A8F-4254-A955-5B98D823C70B}.Release|x86.ActiveCfg = Release|Any CPU
		{1F9D1DDF-9A8F-4254-A955-5B98D823C70B}.Release|x86.Build.0 = Release|Any CPU
		{C1035248-6D28-4E1A-8FA8-152787D3A0DC}.Debug|Any CPU.ActiveCfg = Debug|Any CPU
		{C1035248-6D28-4E1A-8FA8-152787D3A0DC}.Debug|Any CPU.Build.0 = Debug|Any CPU
		{C1035248-6D28-4E1A-8FA8-152787D3A0DC}.Debug|x64.ActiveCfg = Debug|Any CPU
		{C1035248-6D28-4E1A-8FA8-152787D3A0DC}.Debug|x64.Build.0 = Debug|Any CPU
		{C1035248-6D28-4E1A-8FA8-152787D3A0DC}.Debug|x86.ActiveCfg = Debug|Any CPU
		{C1035248-6D28-4E1A-8FA8-152787D3A0DC}.Debug|x86.Build.0 = Debug|Any CPU
		{C1035248-6D28-4E1A-8FA8-152787D3A0DC}.Release|Any CPU.ActiveCfg = Release|Any CPU
		{C1035248-6D28-4E1A-8FA8-152787D3A0DC}.Release|Any CPU.Build.0 = Release|Any CPU
		{C1035248-6D28-4E1A-8FA8-152787D3A0DC}.Release|x64.ActiveCfg = Release|Any CPU
		{C1035248-6D28-4E1A-8FA8-152787D3A0DC}.Release|x64.Build.0 = Release|Any CPU
		{C1035248-6D28-4E1A-8FA8-152787D3A0DC}.Release|x86.ActiveCfg = Release|Any CPU
		{C1035248-6D28-4E1A-8FA8-152787D3A0DC}.Release|x86.Build.0 = Release|Any CPU
	EndGlobalSection
	GlobalSection(SolutionProperties) = preSolution
		HideSolutionNode = FALSE
	EndGlobalSection
EndGlobal
